
Microsoft Visual Studio Solution File, Format Version 12.00
# Visual Studio Version 17
VisualStudioVersion = 17.1.32328.378
MinimumVisualStudioVersion = 10.0.40219.1
Project("{FAE04EC0-301F-11D3-BF4B-00C04F79EFBC}") = "Solução", "Solução\Solução.csproj", "{D0DA0AAE-21A9-4833-B864-3B78BB9A87AD}"
EndProject
Global
	GlobalSection(SolutionConfigurationPlatforms) = preSolution
		Debug|Any CPU = Debug|Any CPU
		Release|Any CPU = Release|Any CPU
	EndGlobalSection
	GlobalSection(ProjectConfigurationPlatforms) = postSolution
		{D0DA0AAE-21A9-4833-B864-3B78BB9A87AD}.Debug|Any CPU.ActiveCfg = Debug|Any CPU
		{D0DA0AAE-21A9-4833-B864-3B78BB9A87AD}.Debug|Any CPU.Build.0 = Debug|Any CPU
		{D0DA0AAE-21A9-4833-B864-3B78BB9A87AD}.Release|Any CPU.ActiveCfg = Release|Any CPU
		{D0DA0AAE-21A9-4833-B864-3B78BB9A87AD}.Release|Any CPU.Build.0 = Release|Any CPU
	EndGlobalSection
	GlobalSection(SolutionProperties) = preSolution
		HideSolutionNode = FALSE
	EndGlobalSection
	GlobalSection(ExtensibilityGlobals) = postSolution
		SolutionGuid = {B24D1C92-7B7A-4405-8F4C-4CD6344E8FE6}
	EndGlobalSection
EndGlobal
