
Microsoft Visual Studio Solution File, Format Version 12.00
# Visual Studio Version 16
VisualStudioVersion = 16.0.30907.101
MinimumVisualStudioVersion = 10.0.40219.1
Project("{FAE04EC0-301F-11D3-BF4B-00C04F79EFBC}") = "Entradas_No_Banco", "Entradas_No_Banco\Entradas_No_Banco.csproj", "{06DDD26D-D6A3-46DF-BBCA-EFDE24E3F354}"
EndProject
Global
	GlobalSection(SolutionConfigurationPlatforms) = preSolution
		Debug|Any CPU = Debug|Any CPU
		Release|Any CPU = Release|Any CPU
	EndGlobalSection
	GlobalSection(ProjectConfigurationPlatforms) = postSolution
		{06DDD26D-D6A3-46DF-BBCA-EFDE24E3F354}.Debug|Any CPU.ActiveCfg = Debug|Any CPU
		{06DDD26D-D6A3-46DF-BBCA-EFDE24E3F354}.Debug|Any CPU.Build.0 = Debug|Any CPU
		{06DDD26D-D6A3-46DF-BBCA-EFDE24E3F354}.Release|Any CPU.ActiveCfg = Release|Any CPU
		{06DDD26D-D6A3-46DF-BBCA-EFDE24E3F354}.Release|Any CPU.Build.0 = Release|Any CPU
	EndGlobalSection
	GlobalSection(SolutionProperties) = preSolution
		HideSolutionNode = FALSE
	EndGlobalSection
	GlobalSection(ExtensibilityGlobals) = postSolution
		SolutionGuid = {F39C594D-3737-47FC-A604-B821DF81AB81}
	EndGlobalSection
EndGlobal
