
Microsoft Visual Studio Solution File, Format Version 12.00
# Visual Studio Version 17
VisualStudioVersion = 17.5.33530.505
MinimumVisualStudioVersion = 10.0.40219.1
Project("{FAE04EC0-301F-11D3-BF4B-00C04F79EFBC}") = "DesafioIntelitrader", "DesafioIntelitrader.csproj", "{2C1E71AA-92A5-4C06-810F-94ED4255201D}"
EndProject
Global
	GlobalSection(SolutionConfigurationPlatforms) = preSolution
		Debug|Any CPU = Debug|Any CPU
		Release|Any CPU = Release|Any CPU
	EndGlobalSection
	GlobalSection(ProjectConfigurationPlatforms) = postSolution
		{2C1E71AA-92A5-4C06-810F-94ED4255201D}.Debug|Any CPU.ActiveCfg = Debug|Any CPU
		{2C1E71AA-92A5-4C06-810F-94ED4255201D}.Debug|Any CPU.Build.0 = Debug|Any CPU
		{2C1E71AA-92A5-4C06-810F-94ED4255201D}.Release|Any CPU.ActiveCfg = Release|Any CPU
		{2C1E71AA-92A5-4C06-810F-94ED4255201D}.Release|Any CPU.Build.0 = Release|Any CPU
	EndGlobalSection
	GlobalSection(SolutionProperties) = preSolution
		HideSolutionNode = FALSE
	EndGlobalSection
	GlobalSection(ExtensibilityGlobals) = postSolution
		SolutionGuid = {0A0B0EE6-74D4-47B4-92D8-A8F40F592C92}
	EndGlobalSection
EndGlobal
