
Microsoft Visual Studio Solution File, Format Version 12.00
# Visual Studio Version 17
VisualStudioVersion = 17.0.31903.59
MinimumVisualStudioVersion = 10.0.40219.1
Project("{FAE04EC0-301F-11D3-BF4B-00C04F79EFBC}") = "Desafio01", "Desafio01\Desafio01.csproj", "{C2858E54-280F-4F72-B54A-20FF410AFEA6}"
EndProject
Project("{FAE04EC0-301F-11D3-BF4B-00C04F79EFBC}") = "Desafio05", "Desafio05\Desafio05.csproj", "{31A800FA-39DC-496E-96A2-69532AD508CD}"
EndProject
Project("{FAE04EC0-301F-11D3-BF4B-00C04F79EFBC}") = "Desafio06", "Desafio06\Desafio06.csproj", "{A38997FB-6F0A-449C-8FA9-3A157DEF19F0}"
EndProject
Global
	GlobalSection(SolutionConfigurationPlatforms) = preSolution
		Debug|Any CPU = Debug|Any CPU
		Release|Any CPU = Release|Any CPU
	EndGlobalSection
	GlobalSection(SolutionProperties) = preSolution
		HideSolutionNode = FALSE
	EndGlobalSection
	GlobalSection(ProjectConfigurationPlatforms) = postSolution
		{C2858E54-280F-4F72-B54A-20FF410AFEA6}.Debug|Any CPU.ActiveCfg = Debug|Any CPU
		{C2858E54-280F-4F72-B54A-20FF410AFEA6}.Debug|Any CPU.Build.0 = Debug|Any CPU
		{C2858E54-280F-4F72-B54A-20FF410AFEA6}.Release|Any CPU.ActiveCfg = Release|Any CPU
		{C2858E54-280F-4F72-B54A-20FF410AFEA6}.Release|Any CPU.Build.0 = Release|Any CPU
		{31A800FA-39DC-496E-96A2-69532AD508CD}.Debug|Any CPU.ActiveCfg = Debug|Any CPU
		{31A800FA-39DC-496E-96A2-69532AD508CD}.Debug|Any CPU.Build.0 = Debug|Any CPU
		{31A800FA-39DC-496E-96A2-69532AD508CD}.Release|Any CPU.ActiveCfg = Release|Any CPU
		{31A800FA-39DC-496E-96A2-69532AD508CD}.Release|Any CPU.Build.0 = Release|Any CPU
		{A38997FB-6F0A-449C-8FA9-3A157DEF19F0}.Debug|Any CPU.ActiveCfg = Debug|Any CPU
		{A38997FB-6F0A-449C-8FA9-3A157DEF19F0}.Debug|Any CPU.Build.0 = Debug|Any CPU
		{A38997FB-6F0A-449C-8FA9-3A157DEF19F0}.Release|Any CPU.ActiveCfg = Release|Any CPU
		{A38997FB-6F0A-449C-8FA9-3A157DEF19F0}.Release|Any CPU.Build.0 = Release|Any CPU
	EndGlobalSection
EndGlobal
