
Microsoft Visual Studio Solution File, Format Version 12.00
# Visual Studio Version 17
VisualStudioVersion = 17.3.32922.545
MinimumVisualStudioVersion = 10.0.40219.1
Project("{9A19103F-16F7-4668-BE54-9A1E7A4F7556}") = "OperacionalStorage", "OperacionalStorage.csproj", "{73E31E4E-559E-4290-9CF7-C9959F611923}"
EndProject
Global
	GlobalSection(SolutionConfigurationPlatforms) = preSolution
		Debug|Any CPU = Debug|Any CPU
		Release|Any CPU = Release|Any CPU
	EndGlobalSection
	GlobalSection(ProjectConfigurationPlatforms) = postSolution
		{73E31E4E-559E-4290-9CF7-C9959F611923}.Debug|Any CPU.ActiveCfg = Debug|Any CPU
		{73E31E4E-559E-4290-9CF7-C9959F611923}.Debug|Any CPU.Build.0 = Debug|Any CPU
		{73E31E4E-559E-4290-9CF7-C9959F611923}.Release|Any CPU.ActiveCfg = Release|Any CPU
		{73E31E4E-559E-4290-9CF7-C9959F611923}.Release|Any CPU.Build.0 = Release|Any CPU
	EndGlobalSection
	GlobalSection(SolutionProperties) = preSolution
		HideSolutionNode = FALSE
	EndGlobalSection
	GlobalSection(ExtensibilityGlobals) = postSolution
		SolutionGuid = {966A6B10-3A6E-49A0-BF52-A434E118EC69}
	EndGlobalSection
EndGlobal
