
Microsoft Visual Studio Solution File, Format Version 12.00
# Visual Studio Version 16
VisualStudioVersion = 16.0.30114.105
MinimumVisualStudioVersion = 10.0.40219.1
Project("{FAE04EC0-301F-11D3-BF4B-00C04F79EFBC}") = "CaixaEletronico", "CaixaEletronico\CaixaEletronico.csproj", "{B448314D-1B8A-4102-BA9B-7AA579B67A58}"
EndProject
Project("{FAE04EC0-301F-11D3-BF4B-00C04F79EFBC}") = "Jokenpo", "Jokenpo\Jokenpo.csproj", "{A1A02507-2A38-45FB-A34E-1C1048D94E90}"
EndProject
Project("{FAE04EC0-301F-11D3-BF4B-00C04F79EFBC}") = "FizzBuzz", "FizzBuzz\FizzBuzz.csproj", "{7CF24392-694C-4307-A8B2-0502DB9E415F}"
EndProject
Global
	GlobalSection(SolutionConfigurationPlatforms) = preSolution
		Debug|Any CPU = Debug|Any CPU
		Release|Any CPU = Release|Any CPU
	EndGlobalSection
	GlobalSection(SolutionProperties) = preSolution
		HideSolutionNode = FALSE
	EndGlobalSection
	GlobalSection(ProjectConfigurationPlatforms) = postSolution
		{B448314D-1B8A-4102-BA9B-7AA579B67A58}.Debug|Any CPU.ActiveCfg = Debug|Any CPU
		{B448314D-1B8A-4102-BA9B-7AA579B67A58}.Debug|Any CPU.Build.0 = Debug|Any CPU
		{B448314D-1B8A-4102-BA9B-7AA579B67A58}.Release|Any CPU.ActiveCfg = Release|Any CPU
		{B448314D-1B8A-4102-BA9B-7AA579B67A58}.Release|Any CPU.Build.0 = Release|Any CPU
		{A1A02507-2A38-45FB-A34E-1C1048D94E90}.Debug|Any CPU.ActiveCfg = Debug|Any CPU
		{A1A02507-2A38-45FB-A34E-1C1048D94E90}.Debug|Any CPU.Build.0 = Debug|Any CPU
		{A1A02507-2A38-45FB-A34E-1C1048D94E90}.Release|Any CPU.ActiveCfg = Release|Any CPU
		{A1A02507-2A38-45FB-A34E-1C1048D94E90}.Release|Any CPU.Build.0 = Release|Any CPU
		{7CF24392-694C-4307-A8B2-0502DB9E415F}.Debug|Any CPU.ActiveCfg = Debug|Any CPU
		{7CF24392-694C-4307-A8B2-0502DB9E415F}.Debug|Any CPU.Build.0 = Debug|Any CPU
		{7CF24392-694C-4307-A8B2-0502DB9E415F}.Release|Any CPU.ActiveCfg = Release|Any CPU
		{7CF24392-694C-4307-A8B2-0502DB9E415F}.Release|Any CPU.Build.0 = Release|Any CPU
	EndGlobalSection
EndGlobal
