
Microsoft Visual Studio Solution File, Format Version 12.00
# Visual Studio Version 17
VisualStudioVersion = 17.1.32319.34
MinimumVisualStudioVersion = 10.0.40219.1
Project("{FAE04EC0-301F-11D3-BF4B-00C04F79EFBC}") = "TesteTecnicoIntelitrader", "TesteTecnicoIntelitrader\TesteTecnicoIntelitrader.csproj", "{A4DAA848-4D17-4B4E-B328-1247FCF2CAD9}"
EndProject
Global
	GlobalSection(SolutionConfigurationPlatforms) = preSolution
		Debug|Any CPU = Debug|Any CPU
		Release|Any CPU = Release|Any CPU
	EndGlobalSection
	GlobalSection(ProjectConfigurationPlatforms) = postSolution
		{A4DAA848-4D17-4B4E-B328-1247FCF2CAD9}.Debug|Any CPU.ActiveCfg = Debug|Any CPU
		{A4DAA848-4D17-4B4E-B328-1247FCF2CAD9}.Debug|Any CPU.Build.0 = Debug|Any CPU
		{A4DAA848-4D17-4B4E-B328-1247FCF2CAD9}.Release|Any CPU.ActiveCfg = Release|Any CPU
		{A4DAA848-4D17-4B4E-B328-1247FCF2CAD9}.Release|Any CPU.Build.0 = Release|Any CPU
	EndGlobalSection
	GlobalSection(SolutionProperties) = preSolution
		HideSolutionNode = FALSE
	EndGlobalSection
	GlobalSection(ExtensibilityGlobals) = postSolution
		SolutionGuid = {FF6A0BE0-E067-45FC-B666-146756E03CB3}
	EndGlobalSection
EndGlobal
