
Microsoft Visual Studio Solution File, Format Version 12.00
# Visual Studio Version 17
VisualStudioVersion = 17.6.33829.357
MinimumVisualStudioVersion = 10.0.40219.1
Project("{FAE04EC0-301F-11D3-BF4B-00C04F79EFBC}") = "ProdutoEscalarDeVetores", "ProdutoEscalarDeVetores\ProdutoEscalarDeVetores.csproj", "{C62D9C5A-7B66-4FCE-8959-01C05A9CAAAB}"
EndProject
Global
	GlobalSection(SolutionConfigurationPlatforms) = preSolution
		Debug|Any CPU = Debug|Any CPU
		Release|Any CPU = Release|Any CPU
	EndGlobalSection
	GlobalSection(ProjectConfigurationPlatforms) = postSolution
		{C62D9C5A-7B66-4FCE-8959-01C05A9CAAAB}.Debug|Any CPU.ActiveCfg = Debug|Any CPU
		{C62D9C5A-7B66-4FCE-8959-01C05A9CAAAB}.Debug|Any CPU.Build.0 = Debug|Any CPU
		{C62D9C5A-7B66-4FCE-8959-01C05A9CAAAB}.Release|Any CPU.ActiveCfg = Release|Any CPU
		{C62D9C5A-7B66-4FCE-8959-01C05A9CAAAB}.Release|Any CPU.Build.0 = Release|Any CPU
	EndGlobalSection
	GlobalSection(SolutionProperties) = preSolution
		HideSolutionNode = FALSE
	EndGlobalSection
	GlobalSection(ExtensibilityGlobals) = postSolution
		SolutionGuid = {CF3A2262-5B91-412E-8A0F-6568B49D22E2}
	EndGlobalSection
EndGlobal
