
Microsoft Visual Studio Solution File, Format Version 12.00
# Visual Studio Version 17
VisualStudioVersion = 17.0.31903.59
MinimumVisualStudioVersion = 10.0.40219.1
Project("{9A19103F-16F7-4668-BE54-9A1E7A4F7556}") = "Main", "Main\Main.csproj", "{22C50009-782F-4B73-BF58-C108465FDC60}"
EndProject
Project("{9A19103F-16F7-4668-BE54-9A1E7A4F7556}") = "FunctionsTest", "FunctionsTest\FunctionsTest.csproj", "{DEF746F8-F5B6-441C-807D-9CAA7046DE9F}"
EndProject
Project("{FAE04EC0-301F-11D3-BF4B-00C04F79EFBC}") = "Functions", "Functions\Functions.csproj", "{309F027A-4499-440C-8838-61FE2FF880F5}"
EndProject
Global
	GlobalSection(SolutionConfigurationPlatforms) = preSolution
		Debug|Any CPU = Debug|Any CPU
		Release|Any CPU = Release|Any CPU
	EndGlobalSection
	GlobalSection(ProjectConfigurationPlatforms) = postSolution
		{22C50009-782F-4B73-BF58-C108465FDC60}.Debug|Any CPU.ActiveCfg = Debug|Any CPU
		{22C50009-782F-4B73-BF58-C108465FDC60}.Debug|Any CPU.Build.0 = Debug|Any CPU
		{22C50009-782F-4B73-BF58-C108465FDC60}.Release|Any CPU.ActiveCfg = Release|Any CPU
		{22C50009-782F-4B73-BF58-C108465FDC60}.Release|Any CPU.Build.0 = Release|Any CPU
		{DEF746F8-F5B6-441C-807D-9CAA7046DE9F}.Debug|Any CPU.ActiveCfg = Debug|Any CPU
		{DEF746F8-F5B6-441C-807D-9CAA7046DE9F}.Debug|Any CPU.Build.0 = Debug|Any CPU
		{DEF746F8-F5B6-441C-807D-9CAA7046DE9F}.Release|Any CPU.ActiveCfg = Release|Any CPU
		{DEF746F8-F5B6-441C-807D-9CAA7046DE9F}.Release|Any CPU.Build.0 = Release|Any CPU
		{309F027A-4499-440C-8838-61FE2FF880F5}.Debug|Any CPU.ActiveCfg = Debug|Any CPU
		{309F027A-4499-440C-8838-61FE2FF880F5}.Debug|Any CPU.Build.0 = Debug|Any CPU
		{309F027A-4499-440C-8838-61FE2FF880F5}.Release|Any CPU.ActiveCfg = Release|Any CPU
		{309F027A-4499-440C-8838-61FE2FF880F5}.Release|Any CPU.Build.0 = Release|Any CPU
	EndGlobalSection
	GlobalSection(SolutionProperties) = preSolution
		HideSolutionNode = FALSE
	EndGlobalSection
	GlobalSection(ExtensibilityGlobals) = postSolution
		SolutionGuid = {14C746A9-052D-477B-925C-557B96734914}
	EndGlobalSection
EndGlobal
