{
  "name": "desafio-3",
  "version": "1.0.0",
  "lockfileVersion": 2,
  "requires": true,
  "packages": {
    "": {
      "name": "desafio-3",
      "version": "1.0.0",
      "license": "ISC",
      "dependencies": {
        "parse-url": "^7.0.2"
      }
    },
    "node_modules/is-ssh": {
      "version": "1.4.0",
      "resolved": "https://registry.npmjs.org/is-ssh/-/is-ssh-1.4.0.tgz",
      "integrity": "sha512-x7+VxdxOdlV3CYpjvRLBv5Lo9OJerlYanjwFrPR9fuGPjCiNiCzFgAWpiLAohSbsnH4ZAys3SBh+hq5rJosxUQ==",
      "dependencies": {
        "protocols": "^2.0.1"
      }
    },
    "node_modules/normalize-url": {
      "version": "6.1.0",
      "resolved": "https://registry.npmjs.org/normalize-url/-/normalize-url-6.1.0.tgz",
      "integrity": "sha512-DlL+XwOy3NxAQ8xuC0okPgK46iuVNAK01YN7RueYBqqFeGsBjV9XmCAzAdgt+667bCl5kPh9EqKKDwnaPG1I7A==",
      "engines": {
        "node": ">=10"
      },
      "funding": {
        "url": "https://github.com/sponsors/sindresorhus"
      }
    },
    "node_modules/parse-path": {
      "version": "5.0.0",
      "resolved": "https://registry.npmjs.org/parse-path/-/parse-path-5.0.0.tgz",
      "integrity": "sha512-qOpH55/+ZJ4jUu/oLO+ifUKjFPNZGfnPJtzvGzKN/4oLMil5m9OH4VpOj6++9/ytJcfks4kzH2hhi87GL/OU9A==",
      "dependencies": {
        "protocols": "^2.0.0"
      }
    },
    "node_modules/parse-url": {
      "version": "7.0.2",
      "resolved": "https://registry.npmjs.org/parse-url/-/parse-url-7.0.2.tgz",
      "integrity": "sha512-PqO4Z0eCiQ08Wj6QQmrmp5YTTxpYfONdOEamrtvK63AmzXpcavIVQubGHxOEwiIoDZFb8uDOoQFS0NCcjqIYQg==",
      "dependencies": {
        "is-ssh": "^1.4.0",
        "normalize-url": "^6.1.0",
        "parse-path": "^5.0.0",
        "protocols": "^2.0.1"
      }
    },
    "node_modules/protocols": {
      "version": "2.0.1",
      "resolved": "https://registry.npmjs.org/protocols/-/protocols-2.0.1.tgz",
      "integrity": "sha512-/XJ368cyBJ7fzLMwLKv1e4vLxOju2MNAIokcr7meSaNcVbWz/CPcW22cP04mwxOErdA5mwjA8Q6w/cdAQxVn7Q=="
    }
  },
  "dependencies": {
    "is-ssh": {
      "version": "1.4.0",
      "resolved": "https://registry.npmjs.org/is-ssh/-/is-ssh-1.4.0.tgz",
      "integrity": "sha512-x7+VxdxOdlV3CYpjvRLBv5Lo9OJerlYanjwFrPR9fuGPjCiNiCzFgAWpiLAohSbsnH4ZAys3SBh+hq5rJosxUQ==",
      "requires": {
        "protocols": "^2.0.1"
      }
    },
    "normalize-url": {
      "version": "6.1.0",
      "resolved": "https://registry.npmjs.org/normalize-url/-/normalize-url-6.1.0.tgz",
      "integrity": "sha512-DlL+XwOy3NxAQ8xuC0okPgK46iuVNAK01YN7RueYBqqFeGsBjV9XmCAzAdgt+667bCl5kPh9EqKKDwnaPG1I7A=="
    },
    "parse-path": {
      "version": "5.0.0",
      "resolved": "https://registry.npmjs.org/parse-path/-/parse-path-5.0.0.tgz",
      "integrity": "sha512-qOpH55/+ZJ4jUu/oLO+ifUKjFPNZGfnPJtzvGzKN/4oLMil5m9OH4VpOj6++9/ytJcfks4kzH2hhi87GL/OU9A==",
      "requires": {
        "protocols": "^2.0.0"
      }
    },
    "parse-url": {
      "version": "7.0.2",
      "resolved": "https://registry.npmjs.org/parse-url/-/parse-url-7.0.2.tgz",
      "integrity": "sha512-PqO4Z0eCiQ08Wj6QQmrmp5YTTxpYfONdOEamrtvK63AmzXpcavIVQubGHxOEwiIoDZFb8uDOoQFS0NCcjqIYQg==",
      "requires": {
        "is-ssh": "^1.4.0",
        "normalize-url": "^6.1.0",
        "parse-path": "^5.0.0",
        "protocols": "^2.0.1"
      }
    },
    "protocols": {
      "version": "2.0.1",
      "resolved": "https://registry.npmjs.org/protocols/-/protocols-2.0.1.tgz",
      "integrity": "sha512-/XJ368cyBJ7fzLMwLKv1e4vLxOju2MNAIokcr7meSaNcVbWz/CPcW22cP04mwxOErdA5mwjA8Q6w/cdAQxVn7Q=="
    }
  }
}
