
Microsoft Visual Studio Solution File, Format Version 12.00
# Visual Studio Version 17
VisualStudioVersion = 17.5.002.0
MinimumVisualStudioVersion = 10.0.40219.1
Project("{9A19103F-16F7-4668-BE54-9A1E7A4F7556}") = "Desafio01", "Desafio01.csproj", "{05F79C34-84C9-4D79-8106-17D557291EDE}"
EndProject
Global
	GlobalSection(SolutionConfigurationPlatforms) = preSolution
		Debug|Any CPU = Debug|Any CPU
		Release|Any CPU = Release|Any CPU
	EndGlobalSection
	GlobalSection(ProjectConfigurationPlatforms) = postSolution
		{05F79C34-84C9-4D79-8106-17D557291EDE}.Debug|Any CPU.ActiveCfg = Debug|Any CPU
		{05F79C34-84C9-4D79-8106-17D557291EDE}.Debug|Any CPU.Build.0 = Debug|Any CPU
		{05F79C34-84C9-4D79-8106-17D557291EDE}.Release|Any CPU.ActiveCfg = Release|Any CPU
		{05F79C34-84C9-4D79-8106-17D557291EDE}.Release|Any CPU.Build.0 = Release|Any CPU
	EndGlobalSection
	GlobalSection(SolutionProperties) = preSolution
		HideSolutionNode = FALSE
	EndGlobalSection
	GlobalSection(ExtensibilityGlobals) = postSolution
		SolutionGuid = {F08C5060-3CE1-4BD6-8E7A-88112A2DC9C8}
	EndGlobalSection
EndGlobal
