
Microsoft Visual Studio Solution File, Format Version 12.00
# Visual Studio Version 16
VisualStudioVersion = 16.0.30517.126
MinimumVisualStudioVersion = 10.0.40219.1
Project("{FAE04EC0-301F-11D3-BF4B-00C04F79EFBC}") = "Estatistica", "Estatistica\Estatistica.csproj", "{767FF554-7BC9-437E-8DE6-68BDDAF4BD3B}"
EndProject
Global
	GlobalSection(SolutionConfigurationPlatforms) = preSolution
		Debug|Any CPU = Debug|Any CPU
		Release|Any CPU = Release|Any CPU
	EndGlobalSection
	GlobalSection(ProjectConfigurationPlatforms) = postSolution
		{767FF554-7BC9-437E-8DE6-68BDDAF4BD3B}.Debug|Any CPU.ActiveCfg = Debug|Any CPU
		{767FF554-7BC9-437E-8DE6-68BDDAF4BD3B}.Debug|Any CPU.Build.0 = Debug|Any CPU
		{767FF554-7BC9-437E-8DE6-68BDDAF4BD3B}.Release|Any CPU.ActiveCfg = Release|Any CPU
		{767FF554-7BC9-437E-8DE6-68BDDAF4BD3B}.Release|Any CPU.Build.0 = Release|Any CPU
	EndGlobalSection
	GlobalSection(SolutionProperties) = preSolution
		HideSolutionNode = FALSE
	EndGlobalSection
	GlobalSection(ExtensibilityGlobals) = postSolution
		SolutionGuid = {94FC33DF-015E-4D4F-9101-E9087CEF4E1F}
	EndGlobalSection
EndGlobal
