
Microsoft Visual Studio Solution File, Format Version 12.00
# Visual Studio Version 17
VisualStudioVersion = 17.2.32519.379
MinimumVisualStudioVersion = 10.0.40219.1
Project("{FAE04EC0-301F-11D3-BF4B-00C04F79EFBC}") = "pedra papel tesoura", "pedra papel tesoura\pedra papel tesoura.csproj", "{563F9005-34D1-429A-8871-E696DABA79B2}"
EndProject
Global
	GlobalSection(SolutionConfigurationPlatforms) = preSolution
		Debug|Any CPU = Debug|Any CPU
		Release|Any CPU = Release|Any CPU
	EndGlobalSection
	GlobalSection(ProjectConfigurationPlatforms) = postSolution
		{563F9005-34D1-429A-8871-E696DABA79B2}.Debug|Any CPU.ActiveCfg = Debug|Any CPU
		{563F9005-34D1-429A-8871-E696DABA79B2}.Debug|Any CPU.Build.0 = Debug|Any CPU
		{563F9005-34D1-429A-8871-E696DABA79B2}.Release|Any CPU.ActiveCfg = Release|Any CPU
		{563F9005-34D1-429A-8871-E696DABA79B2}.Release|Any CPU.Build.0 = Release|Any CPU
	EndGlobalSection
	GlobalSection(SolutionProperties) = preSolution
		HideSolutionNode = FALSE
	EndGlobalSection
	GlobalSection(ExtensibilityGlobals) = postSolution
		SolutionGuid = {A9F79E16-A38C-4FAF-AA19-B5259CCFDCDD}
	EndGlobalSection
EndGlobal
