
Microsoft Visual Studio Solution File, Format Version 12.00
# Visual Studio Version 16
VisualStudioVersion = 16.0.30907.101
MinimumVisualStudioVersion = 10.0.40219.1
Project("{FAE04EC0-301F-11D3-BF4B-00C04F79EFBC}") = "Jokenpo", "Jokenpo\Jokenpo.csproj", "{29516616-5AC3-4E05-927C-FE9F709D03B9}"
EndProject
Global
	GlobalSection(SolutionConfigurationPlatforms) = preSolution
		Debug|Any CPU = Debug|Any CPU
		Release|Any CPU = Release|Any CPU
	EndGlobalSection
	GlobalSection(ProjectConfigurationPlatforms) = postSolution
		{29516616-5AC3-4E05-927C-FE9F709D03B9}.Debug|Any CPU.ActiveCfg = Debug|Any CPU
		{29516616-5AC3-4E05-927C-FE9F709D03B9}.Debug|Any CPU.Build.0 = Debug|Any CPU
		{29516616-5AC3-4E05-927C-FE9F709D03B9}.Release|Any CPU.ActiveCfg = Release|Any CPU
		{29516616-5AC3-4E05-927C-FE9F709D03B9}.Release|Any CPU.Build.0 = Release|Any CPU
	EndGlobalSection
	GlobalSection(SolutionProperties) = preSolution
		HideSolutionNode = FALSE
	EndGlobalSection
	GlobalSection(ExtensibilityGlobals) = postSolution
		SolutionGuid = {2B9CE150-E745-4673-A2F2-324AB27AE175}
	EndGlobalSection
EndGlobal
