
Microsoft Visual Studio Solution File, Format Version 12.00
# Visual Studio Version 16
VisualStudioVersion = 16.0.30503.244
MinimumVisualStudioVersion = 10.0.40219.1
Project("{FAE04EC0-301F-11D3-BF4B-00C04F79EFBC}") = "Teste2", "Teste2\Teste2.csproj", "{5C2D1B18-6B50-45DE-9FFD-8A6097A29520}"
EndProject
Global
	GlobalSection(SolutionConfigurationPlatforms) = preSolution
		Debug|Any CPU = Debug|Any CPU
		Release|Any CPU = Release|Any CPU
	EndGlobalSection
	GlobalSection(ProjectConfigurationPlatforms) = postSolution
		{5C2D1B18-6B50-45DE-9FFD-8A6097A29520}.Debug|Any CPU.ActiveCfg = Debug|Any CPU
		{5C2D1B18-6B50-45DE-9FFD-8A6097A29520}.Debug|Any CPU.Build.0 = Debug|Any CPU
		{5C2D1B18-6B50-45DE-9FFD-8A6097A29520}.Release|Any CPU.ActiveCfg = Release|Any CPU
		{5C2D1B18-6B50-45DE-9FFD-8A6097A29520}.Release|Any CPU.Build.0 = Release|Any CPU
	EndGlobalSection
	GlobalSection(SolutionProperties) = preSolution
		HideSolutionNode = FALSE
	EndGlobalSection
	GlobalSection(ExtensibilityGlobals) = postSolution
		SolutionGuid = {0325B2B3-84E9-468F-843F-05A5FA8B511A}
	EndGlobalSection
EndGlobal
