
Microsoft Visual Studio Solution File, Format Version 12.00
# Visual Studio Version 17
VisualStudioVersion = 17.2.32616.157
MinimumVisualStudioVersion = 10.0.40219.1
Project("{FAE04EC0-301F-11D3-BF4B-00C04F79EFBC}") = "Intelitrader", "Intelitrader\Intelitrader.csproj", "{A3821C6A-0C8F-4186-84BC-ADB2DA2CB7ED}"
EndProject
Global
	GlobalSection(SolutionConfigurationPlatforms) = preSolution
		Debug|Any CPU = Debug|Any CPU
		Release|Any CPU = Release|Any CPU
	EndGlobalSection
	GlobalSection(ProjectConfigurationPlatforms) = postSolution
		{A3821C6A-0C8F-4186-84BC-ADB2DA2CB7ED}.Debug|Any CPU.ActiveCfg = Debug|Any CPU
		{A3821C6A-0C8F-4186-84BC-ADB2DA2CB7ED}.Debug|Any CPU.Build.0 = Debug|Any CPU
		{A3821C6A-0C8F-4186-84BC-ADB2DA2CB7ED}.Release|Any CPU.ActiveCfg = Release|Any CPU
		{A3821C6A-0C8F-4186-84BC-ADB2DA2CB7ED}.Release|Any CPU.Build.0 = Release|Any CPU
	EndGlobalSection
	GlobalSection(SolutionProperties) = preSolution
		HideSolutionNode = FALSE
	EndGlobalSection
	GlobalSection(ExtensibilityGlobals) = postSolution
		SolutionGuid = {E99F9965-BB48-4428-9549-F5D8E8CE21A9}
	EndGlobalSection
EndGlobal
