
Microsoft Visual Studio Solution File, Format Version 12.00
# Visual Studio Version 17
VisualStudioVersion = 17.0.32014.148
MinimumVisualStudioVersion = 10.0.40219.1
Project("{FAE04EC0-301F-11D3-BF4B-00C04F79EFBC}") = "TesteSolucao", "TesteSolucao\TesteSolucao.csproj", "{44E37840-F344-49E8-A33F-EBC58839677A}"
EndProject
Global
	GlobalSection(SolutionConfigurationPlatforms) = preSolution
		Debug|Any CPU = Debug|Any CPU
		Release|Any CPU = Release|Any CPU
	EndGlobalSection
	GlobalSection(ProjectConfigurationPlatforms) = postSolution
		{44E37840-F344-49E8-A33F-EBC58839677A}.Debug|Any CPU.ActiveCfg = Debug|Any CPU
		{44E37840-F344-49E8-A33F-EBC58839677A}.Debug|Any CPU.Build.0 = Debug|Any CPU
		{44E37840-F344-49E8-A33F-EBC58839677A}.Release|Any CPU.ActiveCfg = Release|Any CPU
		{44E37840-F344-49E8-A33F-EBC58839677A}.Release|Any CPU.Build.0 = Release|Any CPU
	EndGlobalSection
	GlobalSection(SolutionProperties) = preSolution
		HideSolutionNode = FALSE
	EndGlobalSection
	GlobalSection(ExtensibilityGlobals) = postSolution
		SolutionGuid = {FF7175D9-DA56-4B3A-A03D-217949F853D9}
	EndGlobalSection
EndGlobal
